hash: 989b73943567066a983ff3711e4cf36c41138dcc151a7aac6ec0d1f197121d7b
updated: 2017-08-07T23:55:21.457627476-07:00
imports:
- name: github.com/golang/protobuf
  version: 1909bc2f63dc92bb931deace8b8312c4db72d12f
  subpackages:
  - proto
- name: github.com/google/go-github
  version: 466070b0580728e63bd1a415e0019639e55d7148
  subpackages:
  - github
- name: github.com/google/go-querystring
  version: 53e6ce116135b80d037921a7fdd5138cf32d7a8a
  subpackages:
  - query
- name: golang.org/x/net
  version: 090ebbdfc2aff44cc6674372b72e02e731f7f0ef
  subpackages:
  - context
- name: golang.org/x/oauth2
  version: 96382aa079b72d8c014eb0c50f6c223d1e6a2de0
  subpackages:
  - internal
- name: google.golang.org/appengine
  version: c5a90ac045b779001847fec87403f5cba090deae
  subpackages:
  - internal
  - internal/base
  - internal/datastore
  - internal/log
  - internal/remote_api
  - internal/urlfetch
  - urlfetch
testImports: []
